version: '1.1'
images:
  local: memory-game-env:0.1.12
  full: memory-game-env:0.1.12@sha256:7327259d9dfc7fe93408502c799a88b28135bdd2131614862d69c0e1ce5ae3b4
  pushed: null
build:
  generatedAt: 2025-10-25T12:44:20.255831+00:00Z
  hudVersion: 0.4.57
  directory: memory-game-env
  version: 0.1.12
  sourceHash: 8f1ca3541066957220c4bcee146f81533581bd139ddc4549ae88f55de7ac3e77
  sourceFiles:
  - Dockerfile
  - environment/README.md
  - environment/__init__.py
  - environment/enums.py
  - environment/game.py
  - environment/pyproject.toml
  - environment/server.py
  - environment/uv.lock
  - server/README.md
  - server/__init__.py
  - server/main.py
  - server/pyproject.toml
  - server/shared.py
  - server/tools.py
  - server/uv.lock
environment:
  initializeMs: 5500
  toolCount: 4
  variables:
    _note: You can edit this section to add or modify environment variables. Provided
      variables will be used when running the environment.
    required:
    - ANTHROPIC_API_KEY
    - HUD_API_KEY
tools:
- name: act
  description: 'Perform a move in the memory game by selecting two positions: ''r1
    c1 r2 c2''.'
  inputSchema:
    properties:
      action:
        title: Action
        type: string
    required:
    - action
    type: object
- name: setup
  description: Initialize or reset the memory game to its starting state.
  inputSchema:
    properties:
      size:
        title: Size
        type: integer
    required:
    - size
    type: object
- name: evaluate
  description: Evaluate the game state.
  inputSchema:
    properties: {}
    type: object
- name: show_current_board
  description: Show the current board state.
  inputSchema:
    properties: {}
    type: object
