version: '1.1'
images:
  local: memory-game-env:0.1.10
  full: memory-game-env:0.1.10@sha256:3ab0f9b4b181ef3c43109782b4cfbaf382888be40b854e5764610ef7750f3c39
  pushed: null
build:
  generatedAt: 2025-10-25T12:17:30.882631+00:00Z
  hudVersion: 0.4.57
  directory: memory-game-env
  version: 0.1.10
  sourceHash: be2b665d90e5ac94e0f6f43f2b00fffb7d176dffab739d5dc321376f78c897a4
  sourceFiles:
  - Dockerfile
  - environment/README.md
  - environment/__init__.py
  - environment/enums.py
  - environment/game.py
  - environment/pyproject.toml
  - environment/server.py
  - environment/uv.lock
  - server/README.md
  - server/__init__.py
  - server/main.py
  - server/pyproject.toml
  - server/shared.py
  - server/tools.py
  - server/uv.lock
environment:
  initializeMs: 5662
  toolCount: 4
  variables:
    _note: You can edit this section to add or modify environment variables. Provided
      variables will be used when running the environment.
    required:
    - ANTHROPIC_API_KEY
    - HUD_API_KEY
tools:
- name: act
  description: 'Perform a move in the memory game by selecting two positions: ''r1
    c1 r2 c2''.'
  inputSchema:
    properties:
      action:
        title: Action
        type: string
    required:
    - action
    type: object
- name: setup
  description: Initialize or reset the memory game to its starting state.
  inputSchema:
    properties: {}
    type: object
- name: evaluate
  description: Evaluate the game state.
  inputSchema:
    properties: {}
    type: object
- name: show_current_board
  description: Show the current board state.
  inputSchema:
    properties: {}
    type: object
