version: '1.1'
images:
  local: memory-game-env:0.1.13
  full: memory-game-env:0.1.13@sha256:f702b25235f5f31cb73c2aa8430fc8b7810cf2222babd08249ddfb953c0653b1
  pushed: null
build:
  generatedAt: 2025-10-29T21:09:44.800580+00:00Z
  hudVersion: 0.4.57
  directory: memory-game-env
  version: 0.1.13
  sourceHash: a74ab1607796b5e52b23ec4634f47aed57839cdd2a9a673f726c9f10794a32a5
  sourceFiles:
  - Dockerfile
  - environment/README.md
  - environment/__init__.py
  - environment/enums.py
  - environment/game.py
  - environment/pyproject.toml
  - environment/server.py
  - environment/uv.lock
  - server/README.md
  - server/__init__.py
  - server/main.py
  - server/pyproject.toml
  - server/shared.py
  - server/tools.py
  - server/uv.lock
environment:
  initializeMs: 5698
  toolCount: 4
  variables:
    _note: You can edit this section to add or modify environment variables. Provided
      variables will be used when running the environment.
    required:
    - ANTHROPIC_API_KEY
    - HUD_API_KEY
tools:
- name: act
  description: 'Perform a move in the memory game by selecting two positions: ''r1
    c1 r2 c2''.'
  inputSchema:
    properties:
      action:
        title: Action
        type: string
    required:
    - action
    type: object
- name: setup
  description: Initialize or reset the memory game to its starting state.
  inputSchema:
    properties:
      size:
        title: Size
        type: integer
    required:
    - size
    type: object
- name: evaluate
  description: Evaluate the game state.
  inputSchema:
    properties: {}
    type: object
- name: show_current_board
  description: Show the current board state.
  inputSchema:
    properties: {}
    type: object
